{
    "name": "copilot",
    "version": "1.0.0",
    "lockfileVersion": 1,
    "requires": true,
    "dependencies": {
        "react-icon-base": {
            "version": "1.0.0",
            "resolved": "https://registry.npmjs.org/react-icon-base/-/react-icon-base-1.0.0.tgz",
            "integrity": "sha512-rLncZqco21WQjYjQs7YApSxt9wGMu5b41wWJ6X2pbqWNiR/XDY8GubwXg2a/dfnhrZCSKel3HmqegzvH8FkNkA=="
        },
        "react-icons-md": {
            "version": "1.1.0",
            "resolved": "https://registry.npmjs.org/react-icons-md/-/react-icons-md-1.1.0.tgz",
            "integrity": "sha512-arpt+5aOIvnvzKxHF90KAwYVLY03xxN2ieb+5+rQtAUGlYmxCYjxiB/cu2X8KpHqczL2mzBC69hhj4fe1DjsmA==",
            "requires": {
                "react-icon-base": "1.0.0"
            }
        }
    }
}
